// !$*UTF8*$!
{
	archiveVersion = 1;
	classes = {
	};
	objectVersion = 55;
	objects = {

/* Begin PBXBuildFile section */
		386FE358E82313CC331EF62F /* Pods_Estate.framework in Frameworks */ = {isa = PBXBuildFile; fileRef = 6ACD1163F198FF42A8AD8D05 /* Pods_Estate.framework */; };
		387F965472F669F83393330A /* Pods_Estate_EstateUITests.framework in Frameworks */ = {isa = PBXBuildFile; fileRef = B47DE85F4852A5ABF0BE9849 /* Pods_Estate_EstateUITests.framework */; };
		4F0815BF27FE0FEF00418BDD /* AddItem.swift in Sources */ = {isa = PBXBuildFile; fileRef = 4F0815BE27FE0FEF00418BDD /* AddItem.swift */; };
		4F0815C127FE12DE00418BDD /* NewAddViewModel.swift in Sources */ = {isa = PBXBuildFile; fileRef = 4F0815C027FE12DE00418BDD /* NewAddViewModel.swift */; };
		4F2D42EF27F792A5006155FA /* ErrorPlaceholderView.swift in Sources */ = {isa = PBXBuildFile; fileRef = 4F2D42EE27F792A5006155FA /* ErrorPlaceholderView.swift */; };
		4F2D42F227F7960B006155FA /* AppConstants.swift in Sources */ = {isa = PBXBuildFile; fileRef = 4F2D42F127F7960B006155FA /* AppConstants.swift */; };
		4F2E09AB2805F70300B8F8C5 /* ProfileViewModel.swift in Sources */ = {isa = PBXBuildFile; fileRef = 4F2E09AA2805F70300B8F8C5 /* ProfileViewModel.swift */; };
		4F2E09AD2805F75C00B8F8C5 /* SettingsViewModel.swift in Sources */ = {isa = PBXBuildFile; fileRef = 4F2E09AC2805F75C00B8F8C5 /* SettingsViewModel.swift */; };
		4F2E09AF2805F79100B8F8C5 /* PostedAddItem.swift in Sources */ = {isa = PBXBuildFile; fileRef = 4F2E09AE2805F79100B8F8C5 /* PostedAddItem.swift */; };
		4F2E471D27FFFCD30071AC9B /* AddItemView.swift in Sources */ = {isa = PBXBuildFile; fileRef = 4F2E471C27FFFCD30071AC9B /* AddItemView.swift */; };
		4F2E471F2801FB070071AC9B /* HomeView.swift in Sources */ = {isa = PBXBuildFile; fileRef = 4F2E471E2801FB070071AC9B /* HomeView.swift */; };
		4F2E47212801FB1A0071AC9B /* HomeViewModel.swift in Sources */ = {isa = PBXBuildFile; fileRef = 4F2E47202801FB1A0071AC9B /* HomeViewModel.swift */; };
		4F6E18D827F5BC1500375B25 /* GoogleService-Info.plist in Resources */ = {isa = PBXBuildFile; fileRef = 4F6E18D727F5BC1500375B25 /* GoogleService-Info.plist */; };
		4F6E18DA27F5C1BA00375B25 /* SignUpView.swift in Sources */ = {isa = PBXBuildFile; fileRef = 4F6E18D927F5C1BA00375B25 /* SignUpView.swift */; };
		4F6E18DC27F5DF6200375B25 /* FirebaseOperations.swift in Sources */ = {isa = PBXBuildFile; fileRef = 4F6E18DB27F5DF6100375B25 /* FirebaseOperations.swift */; };
		4F6E18DE27F627E300375B25 /* FieldValidator.swift in Sources */ = {isa = PBXBuildFile; fileRef = 4F6E18DD27F627E200375B25 /* FieldValidator.swift */; };
		4F71996D27F4C71E00024AC3 /* SignUpViewModel.swift in Sources */ = {isa = PBXBuildFile; fileRef = 4F71996C27F4C71E00024AC3 /* SignUpViewModel.swift */; };
		4F8AC2D428031A2400C0ED6D /* AppData.swift in Sources */ = {isa = PBXBuildFile; fileRef = 4F8AC2D328031A2400C0ED6D /* AppData.swift */; };
		4F909A6027F80C7400FF1CC2 /* ErrorDisplayView.swift in Sources */ = {isa = PBXBuildFile; fileRef = 4F909A5F27F80C7400FF1CC2 /* ErrorDisplayView.swift */; };
		4FADBFD427F36F6800503E5A /* EstateApp.swift in Sources */ = {isa = PBXBuildFile; fileRef = 4FADBFD327F36F6800503E5A /* EstateApp.swift */; };
		4FADBFD827F36F6A00503E5A /* Assets.xcassets in Resources */ = {isa = PBXBuildFile; fileRef = 4FADBFD727F36F6A00503E5A /* Assets.xcassets */; };
		4FADBFDB27F36F6A00503E5A /* Preview Assets.xcassets in Resources */ = {isa = PBXBuildFile; fileRef = 4FADBFDA27F36F6A00503E5A /* Preview Assets.xcassets */; };
		4FADBFE527F36F6A00503E5A /* EstateTests.swift in Sources */ = {isa = PBXBuildFile; fileRef = 4FADBFE427F36F6A00503E5A /* EstateTests.swift */; };
		4FADBFEF27F36F6A00503E5A /* EstateUITests.swift in Sources */ = {isa = PBXBuildFile; fileRef = 4FADBFEE27F36F6A00503E5A /* EstateUITests.swift */; };
		4FADBFF127F36F6A00503E5A /* EstateUITestsLaunchTests.swift in Sources */ = {isa = PBXBuildFile; fileRef = 4FADBFF027F36F6A00503E5A /* EstateUITestsLaunchTests.swift */; };
		4FADC00327F3703800503E5A /* gilroy-medium.ttf in Resources */ = {isa = PBXBuildFile; fileRef = 4FADBFFE27F3703800503E5A /* gilroy-medium.ttf */; };
		4FADC00427F3703800503E5A /* gilroy-regular.ttf in Resources */ = {isa = PBXBuildFile; fileRef = 4FADBFFF27F3703800503E5A /* gilroy-regular.ttf */; };
		4FADC00527F3703800503E5A /* gilroy-extrabold.ttf in Resources */ = {isa = PBXBuildFile; fileRef = 4FADC00027F3703800503E5A /* gilroy-extrabold.ttf */; };
		4FADC00627F3703800503E5A /* gilroy-semibold.ttf in Resources */ = {isa = PBXBuildFile; fileRef = 4FADC00127F3703800503E5A /* gilroy-semibold.ttf */; };
		4FADC00727F3703800503E5A /* gilroy-bold.ttf in Resources */ = {isa = PBXBuildFile; fileRef = 4FADC00227F3703800503E5A /* gilroy-bold.ttf */; };
		4FADC01427F3706600503E5A /* User.swift in Sources */ = {isa = PBXBuildFile; fileRef = 4FADC00927F3706600503E5A /* User.swift */; };
		4FADC01627F3706600503E5A /* SignInView.swift in Sources */ = {isa = PBXBuildFile; fileRef = 4FADC00E27F3706600503E5A /* SignInView.swift */; };
		4FADC01727F3706600503E5A /* Launch Screen.storyboard in Resources */ = {isa = PBXBuildFile; fileRef = 4FADC00F27F3706600503E5A /* Launch Screen.storyboard */; };
		4FADC01A27F3706600503E5A /* SignInViewModel.swift in Sources */ = {isa = PBXBuildFile; fileRef = 4FADC01327F3706600503E5A /* SignInViewModel.swift */; };
		4FBB7BA828035ED4000A583C /* MainView.swift in Sources */ = {isa = PBXBuildFile; fileRef = 4FBB7BA728035ED4000A583C /* MainView.swift */; };
		4FBB7BAA28035F29000A583C /* SettingsView.swift in Sources */ = {isa = PBXBuildFile; fileRef = 4FBB7BA928035F28000A583C /* SettingsView.swift */; };
		4FBB7BAC28035F33000A583C /* ProfileView.swift in Sources */ = {isa = PBXBuildFile; fileRef = 4FBB7BAB28035F33000A583C /* ProfileView.swift */; };
		4FD3B9DC280602D0002CE51E /* NumberCommaSeperator.swift in Sources */ = {isa = PBXBuildFile; fileRef = 4FD3B9DB280602D0002CE51E /* NumberCommaSeperator.swift */; };
		4FF4810D2805B54900C53D86 /* AddInformationView.swift in Sources */ = {isa = PBXBuildFile; fileRef = 4FF4810C2805B54900C53D86 /* AddInformationView.swift */; };
		4FF4810F2805B56200C53D86 /* AddInformationViewModel.swift in Sources */ = {isa = PBXBuildFile; fileRef = 4FF4810E2805B56200C53D86 /* AddInformationViewModel.swift */; };
		4FF481112805B87A00C53D86 /* AddImageSlider.swift in Sources */ = {isa = PBXBuildFile; fileRef = 4FF481102805B87A00C53D86 /* AddImageSlider.swift */; };
		4FF481132805BA5E00C53D86 /* SampleData.swift in Sources */ = {isa = PBXBuildFile; fileRef = 4FF481122805BA5E00C53D86 /* SampleData.swift */; };
		4FFDBA4C28029D7C00EC832A /* BottomView.swift in Sources */ = {isa = PBXBuildFile; fileRef = 4FFDBA4B28029D7C00EC832A /* BottomView.swift */; };
		4FFDBA4E2802A0F000EC832A /* AppColor.swift in Sources */ = {isa = PBXBuildFile; fileRef = 4FFDBA4D2802A0F000EC832A /* AppColor.swift */; };
		4FFDBA512802CEE900EC832A /* CustomRoundCorners.swift in Sources */ = {isa = PBXBuildFile; fileRef = 4FFDBA502802CEE900EC832A /* CustomRoundCorners.swift */; };
		950321DF765A6042B3A38E1D /* Pods_EstateTests.framework in Frameworks */ = {isa = PBXBuildFile; fileRef = C3BA216CAE6E54B5F5BB460F /* Pods_EstateTests.framework */; };
		FD707A6C280DF39000CFB8A8 /* AuthenticationService.swift in Sources */ = {isa = PBXBuildFile; fileRef = FD707A6B280DF39000CFB8A8 /* AuthenticationService.swift */; };
		FD707A6E280DF40600CFB8A8 /* SignUpService.swift in Sources */ = {isa = PBXBuildFile; fileRef = FD707A6D280DF40600CFB8A8 /* SignUpService.swift */; };
		FD707A70280DF4D400CFB8A8 /* FetchAdsService.swift in Sources */ = {isa = PBXBuildFile; fileRef = FD707A6F280DF4D400CFB8A8 /* FetchAdsService.swift */; };
		FD707A72280DF5E800CFB8A8 /* MyAdsService.swift in Sources */ = {isa = PBXBuildFile; fileRef = FD707A71280DF5E800CFB8A8 /* MyAdsService.swift */; };
		FD707A74280DF90100CFB8A8 /* UserUpdateService.swift in Sources */ = {isa = PBXBuildFile; fileRef = FD707A73280DF90100CFB8A8 /* UserUpdateService.swift */; };
		FD707A78280E005400CFB8A8 /* UserSettings.swift in Sources */ = {isa = PBXBuildFile; fileRef = FD707A77280E005400CFB8A8 /* UserSettings.swift */; };
		FD707A7A280E010400CFB8A8 /* StartView.swift in Sources */ = {isa = PBXBuildFile; fileRef = FD707A79280E010400CFB8A8 /* StartView.swift */; };
		FDC8D1A0280E13CA003A2999 /* ChangePasswordView.swift in Sources */ = {isa = PBXBuildFile; fileRef = FDC8D19F280E13CA003A2999 /* ChangePasswordView.swift */; };
		FDC8D1A2280E13E4003A2999 /* ChangePasswordViewModel.swift in Sources */ = {isa = PBXBuildFile; fileRef = FDC8D1A1280E13E4003A2999 /* ChangePasswordViewModel.swift */; };
/* End PBXBuildFile section */

/* Begin PBXContainerItemProxy section */
		4FADBFE127F36F6A00503E5A /* PBXContainerItemProxy */ = {
			isa = PBXContainerItemProxy;
			containerPortal = 4FADBFC827F36F6800503E5A /* Project object */;
			proxyType = 1;
			remoteGlobalIDString = 4FADBFCF27F36F6800503E5A;
			remoteInfo = Estate;
		};
		4FADBFEB27F36F6A00503E5A /* PBXContainerItemProxy */ = {
			isa = PBXContainerItemProxy;
			containerPortal = 4FADBFC827F36F6800503E5A /* Project object */;
			proxyType = 1;
			remoteGlobalIDString = 4FADBFCF27F36F6800503E5A;
			remoteInfo = Estate;
		};
/* End PBXContainerItemProxy section */

/* Begin PBXFileReference section */
		1CF766718431429D70E72A0C /* Pods-Estate-EstateUITests.release.xcconfig */ = {isa = PBXFileReference; includeInIndex = 1; lastKnownFileType = text.xcconfig; name = "Pods-Estate-EstateUITests.release.xcconfig"; path = "Target Support Files/Pods-Estate-EstateUITests/Pods-Estate-EstateUITests.release.xcconfig"; sourceTree = "<group>"; };
		4F0815BE27FE0FEF00418BDD /* AddItem.swift */ = {isa = PBXFileReference; lastKnownFileType = sourcecode.swift; path = AddItem.swift; sourceTree = "<group>"; };
		4F0815C027FE12DE00418BDD /* NewAddViewModel.swift */ = {isa = PBXFileReference; lastKnownFileType = sourcecode.swift; path = NewAddViewModel.swift; sourceTree = "<group>"; };
		4F2D42EE27F792A5006155FA /* ErrorPlaceholderView.swift */ = {isa = PBXFileReference; lastKnownFileType = sourcecode.swift; path = ErrorPlaceholderView.swift; sourceTree = "<group>"; };
		4F2D42F127F7960B006155FA /* AppConstants.swift */ = {isa = PBXFileReference; lastKnownFileType = sourcecode.swift; path = AppConstants.swift; sourceTree = "<group>"; };
		4F2E09AA2805F70300B8F8C5 /* ProfileViewModel.swift */ = {isa = PBXFileReference; lastKnownFileType = sourcecode.swift; path = ProfileViewModel.swift; sourceTree = "<group>"; };
		4F2E09AC2805F75C00B8F8C5 /* SettingsViewModel.swift */ = {isa = PBXFileReference; lastKnownFileType = sourcecode.swift; path = SettingsViewModel.swift; sourceTree = "<group>"; };
		4F2E09AE2805F79100B8F8C5 /* PostedAddItem.swift */ = {isa = PBXFileReference; lastKnownFileType = sourcecode.swift; path = PostedAddItem.swift; sourceTree = "<group>"; };
		4F2E471C27FFFCD30071AC9B /* AddItemView.swift */ = {isa = PBXFileReference; lastKnownFileType = sourcecode.swift; path = AddItemView.swift; sourceTree = "<group>"; };
		4F2E471E2801FB070071AC9B /* HomeView.swift */ = {isa = PBXFileReference; lastKnownFileType = sourcecode.swift; path = HomeView.swift; sourceTree = "<group>"; };
		4F2E47202801FB1A0071AC9B /* HomeViewModel.swift */ = {isa = PBXFileReference; lastKnownFileType = sourcecode.swift; path = HomeViewModel.swift; sourceTree = "<group>"; };
		4F6E18D727F5BC1500375B25 /* GoogleService-Info.plist */ = {isa = PBXFileReference; fileEncoding = 4; lastKnownFileType = text.plist.xml; path = "GoogleService-Info.plist"; sourceTree = "<group>"; };
		4F6E18D927F5C1BA00375B25 /* SignUpView.swift */ = {isa = PBXFileReference; lastKnownFileType = sourcecode.swift; path = SignUpView.swift; sourceTree = "<group>"; };
		4F6E18DB27F5DF6100375B25 /* FirebaseOperations.swift */ = {isa = PBXFileReference; lastKnownFileType = sourcecode.swift; path = FirebaseOperations.swift; sourceTree = "<group>"; };
		4F6E18DD27F627E200375B25 /* FieldValidator.swift */ = {isa = PBXFileReference; lastKnownFileType = sourcecode.swift; path = FieldValidator.swift; sourceTree = "<group>"; };
		4F71996C27F4C71E00024AC3 /* SignUpViewModel.swift */ = {isa = PBXFileReference; lastKnownFileType = sourcecode.swift; path = SignUpViewModel.swift; sourceTree = "<group>"; };
		4F8AC2D328031A2400C0ED6D /* AppData.swift */ = {isa = PBXFileReference; lastKnownFileType = sourcecode.swift; path = AppData.swift; sourceTree = "<group>"; };
		4F909A5F27F80C7400FF1CC2 /* ErrorDisplayView.swift */ = {isa = PBXFileReference; lastKnownFileType = sourcecode.swift; path = ErrorDisplayView.swift; sourceTree = "<group>"; };
		4FADBFD027F36F6800503E5A /* Estate.app */ = {isa = PBXFileReference; explicitFileType = wrapper.application; includeInIndex = 0; path = Estate.app; sourceTree = BUILT_PRODUCTS_DIR; };
		4FADBFD327F36F6800503E5A /* EstateApp.swift */ = {isa = PBXFileReference; lastKnownFileType = sourcecode.swift; path = EstateApp.swift; sourceTree = "<group>"; };
		4FADBFD727F36F6A00503E5A /* Assets.xcassets */ = {isa = PBXFileReference; lastKnownFileType = folder.assetcatalog; path = Assets.xcassets; sourceTree = "<group>"; };
		4FADBFDA27F36F6A00503E5A /* Preview Assets.xcassets */ = {isa = PBXFileReference; lastKnownFileType = folder.assetcatalog; path = "Preview Assets.xcassets"; sourceTree = "<group>"; };
		4FADBFE027F36F6A00503E5A /* EstateTests.xctest */ = {isa = PBXFileReference; explicitFileType = wrapper.cfbundle; includeInIndex = 0; path = EstateTests.xctest; sourceTree = BUILT_PRODUCTS_DIR; };
		4FADBFE427F36F6A00503E5A /* EstateTests.swift */ = {isa = PBXFileReference; lastKnownFileType = sourcecode.swift; path = EstateTests.swift; sourceTree = "<group>"; };
		4FADBFEA27F36F6A00503E5A /* EstateUITests.xctest */ = {isa = PBXFileReference; explicitFileType = wrapper.cfbundle; includeInIndex = 0; path = EstateUITests.xctest; sourceTree = BUILT_PRODUCTS_DIR; };
		4FADBFEE27F36F6A00503E5A /* EstateUITests.swift */ = {isa = PBXFileReference; lastKnownFileType = sourcecode.swift; path = EstateUITests.swift; sourceTree = "<group>"; };
		4FADBFF027F36F6A00503E5A /* EstateUITestsLaunchTests.swift */ = {isa = PBXFileReference; lastKnownFileType = sourcecode.swift; path = EstateUITestsLaunchTests.swift; sourceTree = "<group>"; };
		4FADBFFE27F3703800503E5A /* gilroy-medium.ttf */ = {isa = PBXFileReference; lastKnownFileType = file; path = "gilroy-medium.ttf"; sourceTree = "<group>"; };
		4FADBFFF27F3703800503E5A /* gilroy-regular.ttf */ = {isa = PBXFileReference; lastKnownFileType = file; path = "gilroy-regular.ttf"; sourceTree = "<group>"; };
		4FADC00027F3703800503E5A /* gilroy-extrabold.ttf */ = {isa = PBXFileReference; lastKnownFileType = file; path = "gilroy-extrabold.ttf"; sourceTree = "<group>"; };
		4FADC00127F3703800503E5A /* gilroy-semibold.ttf */ = {isa = PBXFileReference; lastKnownFileType = file; path = "gilroy-semibold.ttf"; sourceTree = "<group>"; };
		4FADC00227F3703800503E5A /* gilroy-bold.ttf */ = {isa = PBXFileReference; lastKnownFileType = file; path = "gilroy-bold.ttf"; sourceTree = "<group>"; };
		4FADC00927F3706600503E5A /* User.swift */ = {isa = PBXFileReference; fileEncoding = 4; lastKnownFileType = sourcecode.swift; path = User.swift; sourceTree = "<group>"; };
		4FADC00E27F3706600503E5A /* SignInView.swift */ = {isa = PBXFileReference; fileEncoding = 4; lastKnownFileType = sourcecode.swift; path = SignInView.swift; sourceTree = "<group>"; };
		4FADC00F27F3706600503E5A /* Launch Screen.storyboard */ = {isa = PBXFileReference; fileEncoding = 4; lastKnownFileType = file.storyboard; path = "Launch Screen.storyboard"; sourceTree = "<group>"; };
		4FADC01327F3706600503E5A /* SignInViewModel.swift */ = {isa = PBXFileReference; fileEncoding = 4; lastKnownFileType = sourcecode.swift; path = SignInViewModel.swift; sourceTree = "<group>"; };
		4FADC01B27F3714100503E5A /* Info.plist */ = {isa = PBXFileReference; lastKnownFileType = text.plist; path = Info.plist; sourceTree = "<group>"; };
		4FBB7BA728035ED4000A583C /* MainView.swift */ = {isa = PBXFileReference; lastKnownFileType = sourcecode.swift; path = MainView.swift; sourceTree = "<group>"; };
		4FBB7BA928035F28000A583C /* SettingsView.swift */ = {isa = PBXFileReference; lastKnownFileType = sourcecode.swift; path = SettingsView.swift; sourceTree = "<group>"; };
		4FBB7BAB28035F33000A583C /* ProfileView.swift */ = {isa = PBXFileReference; lastKnownFileType = sourcecode.swift; path = ProfileView.swift; sourceTree = "<group>"; };
		4FD3B9DB280602D0002CE51E /* NumberCommaSeperator.swift */ = {isa = PBXFileReference; lastKnownFileType = sourcecode.swift; path = NumberCommaSeperator.swift; sourceTree = "<group>"; };
		4FF4810C2805B54900C53D86 /* AddInformationView.swift */ = {isa = PBXFileReference; lastKnownFileType = sourcecode.swift; path = AddInformationView.swift; sourceTree = "<group>"; };
		4FF4810E2805B56200C53D86 /* AddInformationViewModel.swift */ = {isa = PBXFileReference; lastKnownFileType = sourcecode.swift; path = AddInformationViewModel.swift; sourceTree = "<group>"; };
		4FF481102805B87A00C53D86 /* AddImageSlider.swift */ = {isa = PBXFileReference; lastKnownFileType = sourcecode.swift; path = AddImageSlider.swift; sourceTree = "<group>"; };
		4FF481122805BA5E00C53D86 /* SampleData.swift */ = {isa = PBXFileReference; lastKnownFileType = sourcecode.swift; path = SampleData.swift; sourceTree = "<group>"; };
		4FFDBA4B28029D7C00EC832A /* BottomView.swift */ = {isa = PBXFileReference; lastKnownFileType = sourcecode.swift; path = BottomView.swift; sourceTree = "<group>"; };
		4FFDBA4D2802A0F000EC832A /* AppColor.swift */ = {isa = PBXFileReference; lastKnownFileType = sourcecode.swift; path = AppColor.swift; sourceTree = "<group>"; };
		4FFDBA502802CEE900EC832A /* CustomRoundCorners.swift */ = {isa = PBXFileReference; lastKnownFileType = sourcecode.swift; path = CustomRoundCorners.swift; sourceTree = "<group>"; };
		6ACD1163F198FF42A8AD8D05 /* Pods_Estate.framework */ = {isa = PBXFileReference; explicitFileType = wrapper.framework; includeInIndex = 0; path = Pods_Estate.framework; sourceTree = BUILT_PRODUCTS_DIR; };
		B47DE85F4852A5ABF0BE9849 /* Pods_Estate_EstateUITests.framework */ = {isa = PBXFileReference; explicitFileType = wrapper.framework; includeInIndex = 0; path = Pods_Estate_EstateUITests.framework; sourceTree = BUILT_PRODUCTS_DIR; };
		B8B7058F66406B659285C1E0 /* Pods-EstateTests.release.xcconfig */ = {isa = PBXFileReference; includeInIndex = 1; lastKnownFileType = text.xcconfig; name = "Pods-EstateTests.release.xcconfig"; path = "Target Support Files/Pods-EstateTests/Pods-EstateTests.release.xcconfig"; sourceTree = "<group>"; };
		C3BA216CAE6E54B5F5BB460F /* Pods_EstateTests.framework */ = {isa = PBXFileReference; explicitFileType = wrapper.framework; includeInIndex = 0; path = Pods_EstateTests.framework; sourceTree = BUILT_PRODUCTS_DIR; };
		DB6B96D89CC239FCF5F79CC7 /* Pods-EstateTests.debug.xcconfig */ = {isa = PBXFileReference; includeInIndex = 1; lastKnownFileType = text.xcconfig; name = "Pods-EstateTests.debug.xcconfig"; path = "Target Support Files/Pods-EstateTests/Pods-EstateTests.debug.xcconfig"; sourceTree = "<group>"; };
		DBA96DE20AD77ED79AD6CFCC /* Pods-Estate.release.xcconfig */ = {isa = PBXFileReference; includeInIndex = 1; lastKnownFileType = text.xcconfig; name = "Pods-Estate.release.xcconfig"; path = "Target Support Files/Pods-Estate/Pods-Estate.release.xcconfig"; sourceTree = "<group>"; };
		F3CD8365D3709A48DCA5BA96 /* Pods-Estate-EstateUITests.debug.xcconfig */ = {isa = PBXFileReference; includeInIndex = 1; lastKnownFileType = text.xcconfig; name = "Pods-Estate-EstateUITests.debug.xcconfig"; path = "Target Support Files/Pods-Estate-EstateUITests/Pods-Estate-EstateUITests.debug.xcconfig"; sourceTree = "<group>"; };
		FD707A6B280DF39000CFB8A8 /* AuthenticationService.swift */ = {isa = PBXFileReference; lastKnownFileType = sourcecode.swift; path = AuthenticationService.swift; sourceTree = "<group>"; };
		FD707A6D280DF40600CFB8A8 /* SignUpService.swift */ = {isa = PBXFileReference; lastKnownFileType = sourcecode.swift; path = SignUpService.swift; sourceTree = "<group>"; };
		FD707A6F280DF4D400CFB8A8 /* FetchAdsService.swift */ = {isa = PBXFileReference; lastKnownFileType = sourcecode.swift; path = FetchAdsService.swift; sourceTree = "<group>"; };
		FD707A71280DF5E800CFB8A8 /* MyAdsService.swift */ = {isa = PBXFileReference; lastKnownFileType = sourcecode.swift; path = MyAdsService.swift; sourceTree = "<group>"; };
		FD707A73280DF90100CFB8A8 /* UserUpdateService.swift */ = {isa = PBXFileReference; lastKnownFileType = sourcecode.swift; path = UserUpdateService.swift; sourceTree = "<group>"; };
		FD707A77280E005400CFB8A8 /* UserSettings.swift */ = {isa = PBXFileReference; lastKnownFileType = sourcecode.swift; path = UserSettings.swift; sourceTree = "<group>"; };
		FD707A79280E010400CFB8A8 /* StartView.swift */ = {isa = PBXFileReference; lastKnownFileType = sourcecode.swift; path = StartView.swift; sourceTree = "<group>"; };
		FDC8D19F280E13CA003A2999 /* ChangePasswordView.swift */ = {isa = PBXFileReference; lastKnownFileType = sourcecode.swift; path = ChangePasswordView.swift; sourceTree = "<group>"; };
		FDC8D1A1280E13E4003A2999 /* ChangePasswordViewModel.swift */ = {isa = PBXFileReference; lastKnownFileType = sourcecode.swift; path = ChangePasswordViewModel.swift; sourceTree = "<group>"; };
		FF92AB0E85B9E02B9B4A9C7E /* Pods-Estate.debug.xcconfig */ = {isa = PBXFileReference; includeInIndex = 1; lastKnownFileType = text.xcconfig; name = "Pods-Estate.debug.xcconfig"; path = "Target Support Files/Pods-Estate/Pods-Estate.debug.xcconfig"; sourceTree = "<group>"; };
/* End PBXFileReference section */

/* Begin PBXFrameworksBuildPhase section */
		4FADBFCD27F36F6800503E5A /* Frameworks */ = {
			isa = PBXFrameworksBuildPhase;
			buildActionMask = 2147483647;
			files = (
				386FE358E82313CC331EF62F /* Pods_Estate.framework in Frameworks */,
			);
			runOnlyForDeploymentPostprocessing = 0;
		};
		4FADBFDD27F36F6A00503E5A /* Frameworks */ = {
			isa = PBXFrameworksBuildPhase;
			buildActionMask = 2147483647;
			files = (
				950321DF765A6042B3A38E1D /* Pods_EstateTests.framework in Frameworks */,
			);
			runOnlyForDeploymentPostprocessing = 0;
		};
		4FADBFE727F36F6A00503E5A /* Frameworks */ = {
			isa = PBXFrameworksBuildPhase;
			buildActionMask = 2147483647;
			files = (
				387F965472F669F83393330A /* Pods_Estate_EstateUITests.framework in Frameworks */,
			);
			runOnlyForDeploymentPostprocessing = 0;
		};
/* End PBXFrameworksBuildPhase section */

/* Begin PBXGroup section */
		4F2D42F027F795F9006155FA /* Constants */ = {
			isa = PBXGroup;
			children = (
				4F2D42F127F7960B006155FA /* AppConstants.swift */,
				4F8AC2D328031A2400C0ED6D /* AppData.swift */,
			);
			path = Constants;
			sourceTree = "<group>";
		};
		4F909A5E27F80C5A00FF1CC2 /* SubView */ = {
			isa = PBXGroup;
			children = (
				4F2D42EE27F792A5006155FA /* ErrorPlaceholderView.swift */,
				4F909A5F27F80C7400FF1CC2 /* ErrorDisplayView.swift */,
				4F2E471C27FFFCD30071AC9B /* AddItemView.swift */,
				4FFDBA4B28029D7C00EC832A /* BottomView.swift */,
				4FF481102805B87A00C53D86 /* AddImageSlider.swift */,
				4F2E09AE2805F79100B8F8C5 /* PostedAddItem.swift */,
			);
			path = SubView;
			sourceTree = "<group>";
		};
		4FADBFC727F36F6800503E5A = {
			isa = PBXGroup;
			children = (
				4FADBFD227F36F6800503E5A /* Estate */,
				4FADBFE327F36F6A00503E5A /* EstateTests */,
				4FADBFED27F36F6A00503E5A /* EstateUITests */,
				4FADBFD127F36F6800503E5A /* Products */,
				D6293CFD83C7F52A2F4CA6AB /* Pods */,
				A4968AFF05D8AECEFF993389 /* Frameworks */,
			);
			sourceTree = "<group>";
		};
		4FADBFD127F36F6800503E5A /* Products */ = {
			isa = PBXGroup;
			children = (
				4FADBFD027F36F6800503E5A /* Estate.app */,
				4FADBFE027F36F6A00503E5A /* EstateTests.xctest */,
				4FADBFEA27F36F6A00503E5A /* EstateUITests.xctest */,
			);
			name = Products;
			sourceTree = "<group>";
		};
		4FADBFD227F36F6800503E5A /* Estate */ = {
			isa = PBXGroup;
			children = (
				4F6E18D727F5BC1500375B25 /* GoogleService-Info.plist */,
				4FADC01B27F3714100503E5A /* Info.plist */,
				4FADC00827F3706600503E5A /* Model */,
				4FADC00D27F3706600503E5A /* View */,
				4FADC01227F3706600503E5A /* ViewModel */,
				4FADC00A27F3706600503E5A /* Services */,
				4F2D42F027F795F9006155FA /* Constants */,
				4FADC00B27F3706600503E5A /* Utils */,
				4FFDBA4F2802CEC600EC832A /* Extensions */,
				4FADBFFD27F3703800503E5A /* fonts */,
				4FADBFD327F36F6800503E5A /* EstateApp.swift */,
				4FADBFD727F36F6A00503E5A /* Assets.xcassets */,
				4FADBFD927F36F6A00503E5A /* Preview Content */,
			);
			path = Estate;
			sourceTree = "<group>";
		};
		4FADBFD927F36F6A00503E5A /* Preview Content */ = {
			isa = PBXGroup;
			children = (
				4FADBFDA27F36F6A00503E5A /* Preview Assets.xcassets */,
			);
			path = "Preview Content";
			sourceTree = "<group>";
		};
		4FADBFE327F36F6A00503E5A /* EstateTests */ = {
			isa = PBXGroup;
			children = (
				4FADBFE427F36F6A00503E5A /* EstateTests.swift */,
			);
			path = EstateTests;
			sourceTree = "<group>";
		};
		4FADBFED27F36F6A00503E5A /* EstateUITests */ = {
			isa = PBXGroup;
			children = (
				4FADBFEE27F36F6A00503E5A /* EstateUITests.swift */,
				4FADBFF027F36F6A00503E5A /* EstateUITestsLaunchTests.swift */,
			);
			path = EstateUITests;
			sourceTree = "<group>";
		};
		4FADBFFD27F3703800503E5A /* fonts */ = {
			isa = PBXGroup;
			children = (
				4FADBFFE27F3703800503E5A /* gilroy-medium.ttf */,
				4FADBFFF27F3703800503E5A /* gilroy-regular.ttf */,
				4FADC00027F3703800503E5A /* gilroy-extrabold.ttf */,
				4FADC00127F3703800503E5A /* gilroy-semibold.ttf */,
				4FADC00227F3703800503E5A /* gilroy-bold.ttf */,
			);
			path = fonts;
			sourceTree = "<group>";
		};
		4FADC00827F3706600503E5A /* Model */ = {
			isa = PBXGroup;
			children = (
				4FADC00927F3706600503E5A /* User.swift */,
				4F0815BE27FE0FEF00418BDD /* AddItem.swift */,
			);
			path = Model;
			sourceTree = "<group>";
		};
		4FADC00A27F3706600503E5A /* Services */ = {
			isa = PBXGroup;
			children = (
				FD707A76280E003A00CFB8A8 /* Settings */,
				FD707A75280E001400CFB8A8 /* Interfaces */,
				FD707A67280DF26E00CFB8A8 /* Firebase */,
			);
			path = Services;
			sourceTree = "<group>";
		};
		4FADC00B27F3706600503E5A /* Utils */ = {
			isa = PBXGroup;
			children = (
				4F6E18DD27F627E200375B25 /* FieldValidator.swift */,
				4FFDBA4D2802A0F000EC832A /* AppColor.swift */,
				4FF481122805BA5E00C53D86 /* SampleData.swift */,
			);
			path = Utils;
			sourceTree = "<group>";
		};
		4FADC00D27F3706600503E5A /* View */ = {
			isa = PBXGroup;
			children = (
				4F909A5E27F80C5A00FF1CC2 /* SubView */,
				4FADC00E27F3706600503E5A /* SignInView.swift */,
				4FADC00F27F3706600503E5A /* Launch Screen.storyboard */,
				4F6E18D927F5C1BA00375B25 /* SignUpView.swift */,
				4F2E471E2801FB070071AC9B /* HomeView.swift */,
				4FBB7BA728035ED4000A583C /* MainView.swift */,
				4FBB7BA928035F28000A583C /* SettingsView.swift */,
				4FBB7BAB28035F33000A583C /* ProfileView.swift */,
				4FF4810C2805B54900C53D86 /* AddInformationView.swift */,
				FD707A79280E010400CFB8A8 /* StartView.swift */,
				FDC8D19F280E13CA003A2999 /* ChangePasswordView.swift */,
			);
			path = View;
			sourceTree = "<group>";
		};
		4FADC01227F3706600503E5A /* ViewModel */ = {
			isa = PBXGroup;
			children = (
				4FADC01327F3706600503E5A /* SignInViewModel.swift */,
				4F71996C27F4C71E00024AC3 /* SignUpViewModel.swift */,
				4F0815C027FE12DE00418BDD /* NewAddViewModel.swift */,
				4F2E47202801FB1A0071AC9B /* HomeViewModel.swift */,
				4FF4810E2805B56200C53D86 /* AddInformationViewModel.swift */,
				4F2E09AA2805F70300B8F8C5 /* ProfileViewModel.swift */,
				4F2E09AC2805F75C00B8F8C5 /* SettingsViewModel.swift */,
				FDC8D1A1280E13E4003A2999 /* ChangePasswordViewModel.swift */,
			);
			path = ViewModel;
			sourceTree = "<group>";
		};
		4FFDBA4F2802CEC600EC832A /* Extensions */ = {
			isa = PBXGroup;
			children = (
				4FFDBA502802CEE900EC832A /* CustomRoundCorners.swift */,
				4FD3B9DB280602D0002CE51E /* NumberCommaSeperator.swift */,
			);
			path = Extensions;
			sourceTree = "<group>";
		};
		A4968AFF05D8AECEFF993389 /* Frameworks */ = {
			isa = PBXGroup;
			children = (
				6ACD1163F198FF42A8AD8D05 /* Pods_Estate.framework */,
				B47DE85F4852A5ABF0BE9849 /* Pods_Estate_EstateUITests.framework */,
				C3BA216CAE6E54B5F5BB460F /* Pods_EstateTests.framework */,
			);
			name = Frameworks;
			sourceTree = "<group>";
		};
		D6293CFD83C7F52A2F4CA6AB /* Pods */ = {
			isa = PBXGroup;
			children = (
				FF92AB0E85B9E02B9B4A9C7E /* Pods-Estate.debug.xcconfig */,
				DBA96DE20AD77ED79AD6CFCC /* Pods-Estate.release.xcconfig */,
				F3CD8365D3709A48DCA5BA96 /* Pods-Estate-EstateUITests.debug.xcconfig */,
				1CF766718431429D70E72A0C /* Pods-Estate-EstateUITests.release.xcconfig */,
				DB6B96D89CC239FCF5F79CC7 /* Pods-EstateTests.debug.xcconfig */,
				B8B7058F66406B659285C1E0 /* Pods-EstateTests.release.xcconfig */,
			);
			path = Pods;
			sourceTree = "<group>";
		};
		FD707A66280DF26200CFB8A8 /* Authentication */ = {
			isa = PBXGroup;
			children = (
				FD707A6B280DF39000CFB8A8 /* AuthenticationService.swift */,
			);
			path = Authentication;
			sourceTree = "<group>";
		};
		FD707A67280DF26E00CFB8A8 /* Firebase */ = {
			isa = PBXGroup;
			children = (
				4F6E18DB27F5DF6100375B25 /* FirebaseOperations.swift */,
			);
			path = Firebase;
			sourceTree = "<group>";
		};
		FD707A68280DF27900CFB8A8 /* SignUp */ = {
			isa = PBXGroup;
			children = (
				FD707A6D280DF40600CFB8A8 /* SignUpService.swift */,
			);
			path = SignUp;
			sourceTree = "<group>";
		};
		FD707A69280DF29600CFB8A8 /* Ads */ = {
			isa = PBXGroup;
			children = (
				FD707A6F280DF4D400CFB8A8 /* FetchAdsService.swift */,
				FD707A71280DF5E800CFB8A8 /* MyAdsService.swift */,
			);
			path = Ads;
			sourceTree = "<group>";
		};
		FD707A6A280DF31500CFB8A8 /* User */ = {
			isa = PBXGroup;
			children = (
				FD707A73280DF90100CFB8A8 /* UserUpdateService.swift */,
			);
			path = User;
			sourceTree = "<group>";
		};
		FD707A75280E001400CFB8A8 /* Interfaces */ = {
			isa = PBXGroup;
			children = (
				FD707A6A280DF31500CFB8A8 /* User */,
				FD707A69280DF29600CFB8A8 /* Ads */,
				FD707A68280DF27900CFB8A8 /* SignUp */,
				FD707A66280DF26200CFB8A8 /* Authentication */,
			);
			path = Interfaces;
			sourceTree = "<group>";
		};
		FD707A76280E003A00CFB8A8 /* Settings */ = {
			isa = PBXGroup;
			children = (
				FD707A77280E005400CFB8A8 /* UserSettings.swift */,
			);
			path = Settings;
			sourceTree = "<group>";
		};
/* End PBXGroup section */

/* Begin PBXNativeTarget section */
		4FADBFCF27F36F6800503E5A /* Estate */ = {
			isa = PBXNativeTarget;
			buildConfigurationList = 4FADBFF427F36F6A00503E5A /* Build configuration list for PBXNativeTarget "Estate" */;
			buildPhases = (
				44F2A1447FE915747BC889BB /* [CP] Check Pods Manifest.lock */,
				4FADBFCC27F36F6800503E5A /* Sources */,
				4FADBFCD27F36F6800503E5A /* Frameworks */,
				4FADBFCE27F36F6800503E5A /* Resources */,
				998C2E3E75076D1DDB7CF189 /* [CP] Embed Pods Frameworks */,
			);
			buildRules = (
			);
			dependencies = (
			);
			name = Estate;
			productName = Estate;
			productReference = 4FADBFD027F36F6800503E5A /* Estate.app */;
			productType = "com.apple.product-type.application";
		};
		4FADBFDF27F36F6A00503E5A /* EstateTests */ = {
			isa = PBXNativeTarget;
			buildConfigurationList = 4FADBFF727F36F6A00503E5A /* Build configuration list for PBXNativeTarget "EstateTests" */;
			buildPhases = (
				FADD9484EE8D43396F042F84 /* [CP] Check Pods Manifest.lock */,
				4FADBFDC27F36F6A00503E5A /* Sources */,
				4FADBFDD27F36F6A00503E5A /* Frameworks */,
				4FADBFDE27F36F6A00503E5A /* Resources */,
			);
			buildRules = (
			);
			dependencies = (
				4FADBFE227F36F6A00503E5A /* PBXTargetDependency */,
			);
			name = EstateTests;
			productName = EstateTests;
			productReference = 4FADBFE027F36F6A00503E5A /* EstateTests.xctest */;
			productType = "com.apple.product-type.bundle.unit-test";
		};
		4FADBFE927F36F6A00503E5A /* EstateUITests */ = {
			isa = PBXNativeTarget;
			buildConfigurationList = 4FADBFFA27F36F6A00503E5A /* Build configuration list for PBXNativeTarget "EstateUITests" */;
			buildPhases = (
				7C077CF6C8C3A7C44117CE77 /* [CP] Check Pods Manifest.lock */,
				4FADBFE627F36F6A00503E5A /* Sources */,
				4FADBFE727F36F6A00503E5A /* Frameworks */,
				4FADBFE827F36F6A00503E5A /* Resources */,
				F0D31DCB86497313C91A455D /* [CP] Embed Pods Frameworks */,
			);
			buildRules = (
			);
			dependencies = (
				4FADBFEC27F36F6A00503E5A /* PBXTargetDependency */,
			);
			name = EstateUITests;
			productName = EstateUITests;
			productReference = 4FADBFEA27F36F6A00503E5A /* EstateUITests.xctest */;
			productType = "com.apple.product-type.bundle.ui-testing";
		};
/* End PBXNativeTarget section */

/* Begin PBXProject section */
		4FADBFC827F36F6800503E5A /* Project object */ = {
			isa = PBXProject;
			attributes = {
				BuildIndependentTargetsInParallel = 1;
				LastSwiftUpdateCheck = 1310;
				LastUpgradeCheck = 1310;
				TargetAttributes = {
					4FADBFCF27F36F6800503E5A = {
						CreatedOnToolsVersion = 13.1;
					};
					4FADBFDF27F36F6A00503E5A = {
						CreatedOnToolsVersion = 13.1;
						TestTargetID = 4FADBFCF27F36F6800503E5A;
					};
					4FADBFE927F36F6A00503E5A = {
						CreatedOnToolsVersion = 13.1;
						TestTargetID = 4FADBFCF27F36F6800503E5A;
					};
				};
			};
			buildConfigurationList = 4FADBFCB27F36F6800503E5A /* Build configuration list for PBXProject "Estate" */;
			compatibilityVersion = "Xcode 13.0";
			developmentRegion = en;
			hasScannedForEncodings = 0;
			knownRegions = (
				en,
				Base,
			);
			mainGroup = 4FADBFC727F36F6800503E5A;
			productRefGroup = 4FADBFD127F36F6800503E5A /* Products */;
			projectDirPath = "";
			projectRoot = "";
			targets = (
				4FADBFCF27F36F6800503E5A /* Estate */,
				4FADBFDF27F36F6A00503E5A /* EstateTests */,
				4FADBFE927F36F6A00503E5A /* EstateUITests */,
			);
		};
/* End PBXProject section */

/* Begin PBXResourcesBuildPhase section */
		4FADBFCE27F36F6800503E5A /* Resources */ = {
			isa = PBXResourcesBuildPhase;
			buildActionMask = 2147483647;
			files = (
				4FADC00727F3703800503E5A /* gilroy-bold.ttf in Resources */,
				4FADBFDB27F36F6A00503E5A /* Preview Assets.xcassets in Resources */,
				4F6E18D827F5BC1500375B25 /* GoogleService-Info.plist in Resources */,
				4FADC01727F3706600503E5A /* Launch Screen.storyboard in Resources */,
				4FADBFD827F36F6A00503E5A /* Assets.xcassets in Resources */,
				4FADC00327F3703800503E5A /* gilroy-medium.ttf in Resources */,
				4FADC00627F3703800503E5A /* gilroy-semibold.ttf in Resources */,
				4FADC00527F3703800503E5A /* gilroy-extrabold.ttf in Resources */,
				4FADC00427F3703800503E5A /* gilroy-regular.ttf in Resources */,
			);
			runOnlyForDeploymentPostprocessing = 0;
		};
		4FADBFDE27F36F6A00503E5A /* Resources */ = {
			isa = PBXResourcesBuildPhase;
			buildActionMask = 2147483647;
			files = (
			);
			runOnlyForDeploymentPostprocessing = 0;
		};
		4FADBFE827F36F6A00503E5A /* Resources */ = {
			isa = PBXResourcesBuildPhase;
			buildActionMask = 2147483647;
			files = (
			);
			runOnlyForDeploymentPostprocessing = 0;
		};
/* End PBXResourcesBuildPhase section */

/* Begin PBXShellScriptBuildPhase section */
		44F2A1447FE915747BC889BB /* [CP] Check Pods Manifest.lock */ = {
			isa = PBXShellScriptBuildPhase;
			buildActionMask = 2147483647;
			files = (
			);
			inputFileListPaths = (
			);
			inputPaths = (
				"${PODS_PODFILE_DIR_PATH}/Podfile.lock",
				"${PODS_ROOT}/Manifest.lock",
			);
			name = "[CP] Check Pods Manifest.lock";
			outputFileListPaths = (
			);
			outputPaths = (
				"$(DERIVED_FILE_DIR)/Pods-Estate-checkManifestLockResult.txt",
			);
			runOnlyForDeploymentPostprocessing = 0;
			shellPath = /bin/sh;
			shellScript = "diff \"${PODS_PODFILE_DIR_PATH}/Podfile.lock\" \"${PODS_ROOT}/Manifest.lock\" > /dev/null\nif [ $? != 0 ] ; then\n    # print error to STDERR\n    echo \"error: The sandbox is not in sync with the Podfile.lock. Run 'pod install' or update your CocoaPods installation.\" >&2\n    exit 1\nfi\n# This output is used by Xcode 'outputs' to avoid re-running this script phase.\necho \"SUCCESS\" > \"${SCRIPT_OUTPUT_FILE_0}\"\n";
			showEnvVarsInLog = 0;
		};
		7C077CF6C8C3A7C44117CE77 /* [CP] Check Pods Manifest.lock */ = {
			isa = PBXShellScriptBuildPhase;
			buildActionMask = 2147483647;
			files = (
			);
			inputFileListPaths = (
			);
			inputPaths = (
				"${PODS_PODFILE_DIR_PATH}/Podfile.lock",
				"${PODS_ROOT}/Manifest.lock",
			);
			name = "[CP] Check Pods Manifest.lock";
			outputFileListPaths = (
			);
			outputPaths = (
				"$(DERIVED_FILE_DIR)/Pods-Estate-EstateUITests-checkManifestLockResult.txt",
			);
			runOnlyForDeploymentPostprocessing = 0;
			shellPath = /bin/sh;
			shellScript = "diff \"${PODS_PODFILE_DIR_PATH}/Podfile.lock\" \"${PODS_ROOT}/Manifest.lock\" > /dev/null\nif [ $? != 0 ] ; then\n    # print error to STDERR\n    echo \"error: The sandbox is not in sync with the Podfile.lock. Run 'pod install' or update your CocoaPods installation.\" >&2\n    exit 1\nfi\n# This output is used by Xcode 'outputs' to avoid re-running this script phase.\necho \"SUCCESS\" > \"${SCRIPT_OUTPUT_FILE_0}\"\n";
			showEnvVarsInLog = 0;
		};
		998C2E3E75076D1DDB7CF189 /* [CP] Embed Pods Frameworks */ = {
			isa = PBXShellScriptBuildPhase;
			buildActionMask = 2147483647;
			files = (
			);
			inputFileListPaths = (
				"${PODS_ROOT}/Target Support Files/Pods-Estate/Pods-Estate-frameworks-${CONFIGURATION}-input-files.xcfilelist",
			);
			name = "[CP] Embed Pods Frameworks";
			outputFileListPaths = (
				"${PODS_ROOT}/Target Support Files/Pods-Estate/Pods-Estate-frameworks-${CONFIGURATION}-output-files.xcfilelist",
			);
			runOnlyForDeploymentPostprocessing = 0;
			shellPath = /bin/sh;
			shellScript = "\"${PODS_ROOT}/Target Support Files/Pods-Estate/Pods-Estate-frameworks.sh\"\n";
			showEnvVarsInLog = 0;
		};
		F0D31DCB86497313C91A455D /* [CP] Embed Pods Frameworks */ = {
			isa = PBXShellScriptBuildPhase;
			buildActionMask = 2147483647;
			files = (
			);
			inputFileListPaths = (
				"${PODS_ROOT}/Target Support Files/Pods-Estate-EstateUITests/Pods-Estate-EstateUITests-frameworks-${CONFIGURATION}-input-files.xcfilelist",
			);
			name = "[CP] Embed Pods Frameworks";
			outputFileListPaths = (
				"${PODS_ROOT}/Target Support Files/Pods-Estate-EstateUITests/Pods-Estate-EstateUITests-frameworks-${CONFIGURATION}-output-files.xcfilelist",
			);
			runOnlyForDeploymentPostprocessing = 0;
			shellPath = /bin/sh;
			shellScript = "\"${PODS_ROOT}/Target Support Files/Pods-Estate-EstateUITests/Pods-Estate-EstateUITests-frameworks.sh\"\n";
			showEnvVarsInLog = 0;
		};
		FADD9484EE8D43396F042F84 /* [CP] Check Pods Manifest.lock */ = {
			isa = PBXShellScriptBuildPhase;
			buildActionMask = 2147483647;
			files = (
			);
			inputFileListPaths = (
			);
			inputPaths = (
				"${PODS_PODFILE_DIR_PATH}/Podfile.lock",
				"${PODS_ROOT}/Manifest.lock",
			);
			name = "[CP] Check Pods Manifest.lock";
			outputFileListPaths = (
			);
			outputPaths = (
				"$(DERIVED_FILE_DIR)/Pods-EstateTests-checkManifestLockResult.txt",
			);
			runOnlyForDeploymentPostprocessing = 0;
			shellPath = /bin/sh;
			shellScript = "diff \"${PODS_PODFILE_DIR_PATH}/Podfile.lock\" \"${PODS_ROOT}/Manifest.lock\" > /dev/null\nif [ $? != 0 ] ; then\n    # print error to STDERR\n    echo \"error: The sandbox is not in sync with the Podfile.lock. Run 'pod install' or update your CocoaPods installation.\" >&2\n    exit 1\nfi\n# This output is used by Xcode 'outputs' to avoid re-running this script phase.\necho \"SUCCESS\" > \"${SCRIPT_OUTPUT_FILE_0}\"\n";
			showEnvVarsInLog = 0;
		};
/* End PBXShellScriptBuildPhase section */

/* Begin PBXSourcesBuildPhase section */
		4FADBFCC27F36F6800503E5A /* Sources */ = {
			isa = PBXSourcesBuildPhase;
			buildActionMask = 2147483647;
			files = (
				4F0815C127FE12DE00418BDD /* NewAddViewModel.swift in Sources */,
				FD707A7A280E010400CFB8A8 /* StartView.swift in Sources */,
				4FBB7BA828035ED4000A583C /* MainView.swift in Sources */,
				4FF4810F2805B56200C53D86 /* AddInformationViewModel.swift in Sources */,
				4FADC01A27F3706600503E5A /* SignInViewModel.swift in Sources */,
				FDC8D1A2280E13E4003A2999 /* ChangePasswordViewModel.swift in Sources */,
				4F909A6027F80C7400FF1CC2 /* ErrorDisplayView.swift in Sources */,
				FD707A78280E005400CFB8A8 /* UserSettings.swift in Sources */,
				4FD3B9DC280602D0002CE51E /* NumberCommaSeperator.swift in Sources */,
				4F2E47212801FB1A0071AC9B /* HomeViewModel.swift in Sources */,
				FD707A6C280DF39000CFB8A8 /* AuthenticationService.swift in Sources */,
				4F2E09AB2805F70300B8F8C5 /* ProfileViewModel.swift in Sources */,
				4FF481112805B87A00C53D86 /* AddImageSlider.swift in Sources */,
				FD707A6E280DF40600CFB8A8 /* SignUpService.swift in Sources */,
				4FF481132805BA5E00C53D86 /* SampleData.swift in Sources */,
				4FF4810D2805B54900C53D86 /* AddInformationView.swift in Sources */,
				4FFDBA4C28029D7C00EC832A /* BottomView.swift in Sources */,
				4F2E471F2801FB070071AC9B /* HomeView.swift in Sources */,
				4F6E18DE27F627E300375B25 /* FieldValidator.swift in Sources */,
				4FADBFD427F36F6800503E5A /* EstateApp.swift in Sources */,
				FDC8D1A0280E13CA003A2999 /* ChangePasswordView.swift in Sources */,
				4F2D42EF27F792A5006155FA /* ErrorPlaceholderView.swift in Sources */,
				4F71996D27F4C71E00024AC3 /* SignUpViewModel.swift in Sources */,
				4F2E09AD2805F75C00B8F8C5 /* SettingsViewModel.swift in Sources */,
				4F6E18DC27F5DF6200375B25 /* FirebaseOperations.swift in Sources */,
				4FADC01427F3706600503E5A /* User.swift in Sources */,
				4F2E471D27FFFCD30071AC9B /* AddItemView.swift in Sources */,
				4F0815BF27FE0FEF00418BDD /* AddItem.swift in Sources */,
				4F6E18DA27F5C1BA00375B25 /* SignUpView.swift in Sources */,
				4FADC01627F3706600503E5A /* SignInView.swift in Sources */,
				4FBB7BAC28035F33000A583C /* ProfileView.swift in Sources */,
				4F2D42F227F7960B006155FA /* AppConstants.swift in Sources */,
				4F2E09AF2805F79100B8F8C5 /* PostedAddItem.swift in Sources */,
				FD707A74280DF90100CFB8A8 /* UserUpdateService.swift in Sources */,
				4FFDBA4E2802A0F000EC832A /* AppColor.swift in Sources */,
				4FBB7BAA28035F29000A583C /* SettingsView.swift in Sources */,
				FD707A72280DF5E800CFB8A8 /* MyAdsService.swift in Sources */,
				4FFDBA512802CEE900EC832A /* CustomRoundCorners.swift in Sources */,
				4F8AC2D428031A2400C0ED6D /* AppData.swift in Sources */,
				FD707A70280DF4D400CFB8A8 /* FetchAdsService.swift in Sources */,
			);
			runOnlyForDeploymentPostprocessing = 0;
		};
		4FADBFDC27F36F6A00503E5A /* Sources */ = {
			isa = PBXSourcesBuildPhase;
			buildActionMask = 2147483647;
			files = (
				4FADBFE527F36F6A00503E5A /* EstateTests.swift in Sources */,
			);
			runOnlyForDeploymentPostprocessing = 0;
		};
		4FADBFE627F36F6A00503E5A /* Sources */ = {
			isa = PBXSourcesBuildPhase;
			buildActionMask = 2147483647;
			files = (
				4FADBFF127F36F6A00503E5A /* EstateUITestsLaunchTests.swift in Sources */,
				4FADBFEF27F36F6A00503E5A /* EstateUITests.swift in Sources */,
			);
			runOnlyForDeploymentPostprocessing = 0;
		};
/* End PBXSourcesBuildPhase section */

/* Begin PBXTargetDependency section */
		4FADBFE227F36F6A00503E5A /* PBXTargetDependency */ = {
			isa = PBXTargetDependency;
			target = 4FADBFCF27F36F6800503E5A /* Estate */;
			targetProxy = 4FADBFE127F36F6A00503E5A /* PBXContainerItemProxy */;
		};
		4FADBFEC27F36F6A00503E5A /* PBXTargetDependency */ = {
			isa = PBXTargetDependency;
			target = 4FADBFCF27F36F6800503E5A /* Estate */;
			targetProxy = 4FADBFEB27F36F6A00503E5A /* PBXContainerItemProxy */;
		};
/* End PBXTargetDependency section */

/* Begin XCBuildConfiguration section */
		4FADBFF227F36F6A00503E5A /* Debug */ = {
			isa = XCBuildConfiguration;
			buildSettings = {
				ALWAYS_SEARCH_USER_PATHS = NO;
				CLANG_ANALYZER_NONNULL = YES;
				CLANG_ANALYZER_NUMBER_OBJECT_CONVERSION = YES_AGGRESSIVE;
				CLANG_CXX_LANGUAGE_STANDARD = "gnu++17";
				CLANG_CXX_LIBRARY = "libc++";
				CLANG_ENABLE_MODULES = YES;
				CLANG_ENABLE_OBJC_ARC = YES;
				CLANG_ENABLE_OBJC_WEAK = YES;
				CLANG_WARN_BLOCK_CAPTURE_AUTORELEASING = YES;
				CLANG_WARN_BOOL_CONVERSION = YES;
				CLANG_WARN_COMMA = YES;
				CLANG_WARN_CONSTANT_CONVERSION = YES;
				CLANG_WARN_DEPRECATED_OBJC_IMPLEMENTATIONS = YES;
				CLANG_WARN_DIRECT_OBJC_ISA_USAGE = YES_ERROR;
				CLANG_WARN_DOCUMENTATION_COMMENTS = YES;
				CLANG_WARN_EMPTY_BODY = YES;
				CLANG_WARN_ENUM_CONVERSION = YES;
				CLANG_WARN_INFINITE_RECURSION = YES;
				CLANG_WARN_INT_CONVERSION = YES;
				CLANG_WARN_NON_LITERAL_NULL_CONVERSION = YES;
				CLANG_WARN_OBJC_IMPLICIT_RETAIN_SELF = YES;
				CLANG_WARN_OBJC_LITERAL_CONVERSION = YES;
				CLANG_WARN_OBJC_ROOT_CLASS = YES_ERROR;
				CLANG_WARN_QUOTED_INCLUDE_IN_FRAMEWORK_HEADER = YES;
				CLANG_WARN_RANGE_LOOP_ANALYSIS = YES;
				CLANG_WARN_STRICT_PROTOTYPES = YES;
				CLANG_WARN_SUSPICIOUS_MOVE = YES;
				CLANG_WARN_UNGUARDED_AVAILABILITY = YES_AGGRESSIVE;
				CLANG_WARN_UNREACHABLE_CODE = YES;
				CLANG_WARN__DUPLICATE_METHOD_MATCH = YES;
				COPY_PHASE_STRIP = NO;
				DEBUG_INFORMATION_FORMAT = dwarf;
				ENABLE_STRICT_OBJC_MSGSEND = YES;
				ENABLE_TESTABILITY = YES;
				GCC_C_LANGUAGE_STANDARD = gnu11;
				GCC_DYNAMIC_NO_PIC = NO;
				GCC_NO_COMMON_BLOCKS = YES;
				GCC_OPTIMIZATION_LEVEL = 0;
				GCC_PREPROCESSOR_DEFINITIONS = (
					"DEBUG=1",
					"$(inherited)",
				);
				GCC_WARN_64_TO_32_BIT_CONVERSION = YES;
				GCC_WARN_ABOUT_RETURN_TYPE = YES_ERROR;
				GCC_WARN_UNDECLARED_SELECTOR = YES;
				GCC_WARN_UNINITIALIZED_AUTOS = YES_AGGRESSIVE;
				GCC_WARN_UNUSED_FUNCTION = YES;
				GCC_WARN_UNUSED_VARIABLE = YES;
				IPHONEOS_DEPLOYMENT_TARGET = 15.0;
				MTL_ENABLE_DEBUG_INFO = INCLUDE_SOURCE;
				MTL_FAST_MATH = YES;
				ONLY_ACTIVE_ARCH = YES;
				SDKROOT = iphoneos;
				SWIFT_ACTIVE_COMPILATION_CONDITIONS = DEBUG;
				SWIFT_OPTIMIZATION_LEVEL = "-Onone";
			};
			name = Debug;
		};
		4FADBFF327F36F6A00503E5A /* Release */ = {
			isa = XCBuildConfiguration;
			buildSettings = {
				ALWAYS_SEARCH_USER_PATHS = NO;
				CLANG_ANALYZER_NONNULL = YES;
				CLANG_ANALYZER_NUMBER_OBJECT_CONVERSION = YES_AGGRESSIVE;
				CLANG_CXX_LANGUAGE_STANDARD = "gnu++17";
				CLANG_CXX_LIBRARY = "libc++";
				CLANG_ENABLE_MODULES = YES;
				CLANG_ENABLE_OBJC_ARC = YES;
				CLANG_ENABLE_OBJC_WEAK = YES;
				CLANG_WARN_BLOCK_CAPTURE_AUTORELEASING = YES;
				CLANG_WARN_BOOL_CONVERSION = YES;
				CLANG_WARN_COMMA = YES;
				CLANG_WARN_CONSTANT_CONVERSION = YES;
				CLANG_WARN_DEPRECATED_OBJC_IMPLEMENTATIONS = YES;
				CLANG_WARN_DIRECT_OBJC_ISA_USAGE = YES_ERROR;
				CLANG_WARN_DOCUMENTATION_COMMENTS = YES;
				CLANG_WARN_EMPTY_BODY = YES;
				CLANG_WARN_ENUM_CONVERSION = YES;
				CLANG_WARN_INFINITE_RECURSION = YES;
				CLANG_WARN_INT_CONVERSION = YES;
				CLANG_WARN_NON_LITERAL_NULL_CONVERSION = YES;
				CLANG_WARN_OBJC_IMPLICIT_RETAIN_SELF = YES;
				CLANG_WARN_OBJC_LITERAL_CONVERSION = YES;
				CLANG_WARN_OBJC_ROOT_CLASS = YES_ERROR;
				CLANG_WARN_QUOTED_INCLUDE_IN_FRAMEWORK_HEADER = YES;
				CLANG_WARN_RANGE_LOOP_ANALYSIS = YES;
				CLANG_WARN_STRICT_PROTOTYPES = YES;
				CLANG_WARN_SUSPICIOUS_MOVE = YES;
				CLANG_WARN_UNGUARDED_AVAILABILITY = YES_AGGRESSIVE;
				CLANG_WARN_UNREACHABLE_CODE = YES;
				CLANG_WARN__DUPLICATE_METHOD_MATCH = YES;
				COPY_PHASE_STRIP = NO;
				DEBUG_INFORMATION_FORMAT = "dwarf-with-dsym";
				ENABLE_NS_ASSERTIONS = NO;
				ENABLE_STRICT_OBJC_MSGSEND = YES;
				GCC_C_LANGUAGE_STANDARD = gnu11;
				GCC_NO_COMMON_BLOCKS = YES;
				GCC_WARN_64_TO_32_BIT_CONVERSION = YES;
				GCC_WARN_ABOUT_RETURN_TYPE = YES_ERROR;
				GCC_WARN_UNDECLARED_SELECTOR = YES;
				GCC_WARN_UNINITIALIZED_AUTOS = YES_AGGRESSIVE;
				GCC_WARN_UNUSED_FUNCTION = YES;
				GCC_WARN_UNUSED_VARIABLE = YES;
				IPHONEOS_DEPLOYMENT_TARGET = 15.0;
				MTL_ENABLE_DEBUG_INFO = NO;
				MTL_FAST_MATH = YES;
				SDKROOT = iphoneos;
				SWIFT_COMPILATION_MODE = wholemodule;
				SWIFT_OPTIMIZATION_LEVEL = "-O";
				VALIDATE_PRODUCT = YES;
			};
			name = Release;
		};
		4FADBFF527F36F6A00503E5A /* Debug */ = {
			isa = XCBuildConfiguration;
			baseConfigurationReference = FF92AB0E85B9E02B9B4A9C7E /* Pods-Estate.debug.xcconfig */;
			buildSettings = {
				ASSETCATALOG_COMPILER_APPICON_NAME = AppIcon;
				ASSETCATALOG_COMPILER_GLOBAL_ACCENT_COLOR_NAME = AccentColor;
				CODE_SIGN_STYLE = Automatic;
				CURRENT_PROJECT_VERSION = 1;
				DEVELOPMENT_ASSET_PATHS = "\"Estate/Preview Content\"";
				DEVELOPMENT_TEAM = 9CYSVYA95H;
				ENABLE_PREVIEWS = YES;
				GENERATE_INFOPLIST_FILE = YES;
				INFOPLIST_FILE = Estate/Info.plist;
				INFOPLIST_KEY_UIApplicationSceneManifest_Generation = YES;
				INFOPLIST_KEY_UIApplicationSupportsIndirectInputEvents = YES;
				INFOPLIST_KEY_UILaunchScreen_Generation = YES;
				INFOPLIST_KEY_UILaunchStoryboardName = "Launch Screen";
				INFOPLIST_KEY_UISupportedInterfaceOrientations_iPad = "UIInterfaceOrientationPortrait UIInterfaceOrientationPortraitUpsideDown UIInterfaceOrientationLandscapeLeft UIInterfaceOrientationLandscapeRight";
				INFOPLIST_KEY_UISupportedInterfaceOrientations_iPhone = "UIInterfaceOrientationPortrait UIInterfaceOrientationLandscapeLeft UIInterfaceOrientationLandscapeRight";
				LD_RUNPATH_SEARCH_PATHS = (
					"$(inherited)",
					"@executable_path/Frameworks",
				);
				MARKETING_VERSION = 1.0;
				PRODUCT_BUNDLE_IDENTIFIER = com.hishd.EstateApp;
				PRODUCT_NAME = "$(TARGET_NAME)";
				SWIFT_EMIT_LOC_STRINGS = YES;
				SWIFT_VERSION = 5.0;
				TARGETED_DEVICE_FAMILY = "1,2";
			};
			name = Debug;
		};
		4FADBFF627F36F6A00503E5A /* Release */ = {
			isa = XCBuildConfiguration;
			baseConfigurationReference = DBA96DE20AD77ED79AD6CFCC /* Pods-Estate.release.xcconfig */;
			buildSettings = {
				ASSETCATALOG_COMPILER_APPICON_NAME = AppIcon;
				ASSETCATALOG_COMPILER_GLOBAL_ACCENT_COLOR_NAME = AccentColor;
				CODE_SIGN_STYLE = Automatic;
				CURRENT_PROJECT_VERSION = 1;
				DEVELOPMENT_ASSET_PATHS = "\"Estate/Preview Content\"";
				DEVELOPMENT_TEAM = 9CYSVYA95H;
				ENABLE_PREVIEWS = YES;
				GENERATE_INFOPLIST_FILE = YES;
				INFOPLIST_FILE = Estate/Info.plist;
				INFOPLIST_KEY_UIApplicationSceneManifest_Generation = YES;
				INFOPLIST_KEY_UIApplicationSupportsIndirectInputEvents = YES;
				INFOPLIST_KEY_UILaunchScreen_Generation = YES;
				INFOPLIST_KEY_UILaunchStoryboardName = "Launch Screen";
				INFOPLIST_KEY_UISupportedInterfaceOrientations_iPad = "UIInterfaceOrientationPortrait UIInterfaceOrientationPortraitUpsideDown UIInterfaceOrientationLandscapeLeft UIInterfaceOrientationLandscapeRight";
				INFOPLIST_KEY_UISupportedInterfaceOrientations_iPhone = "UIInterfaceOrientationPortrait UIInterfaceOrientationLandscapeLeft UIInterfaceOrientationLandscapeRight";
				LD_RUNPATH_SEARCH_PATHS = (
					"$(inherited)",
					"@executable_path/Frameworks",
				);
				MARKETING_VERSION = 1.0;
				PRODUCT_BUNDLE_IDENTIFIER = com.hishd.EstateApp;
				PRODUCT_NAME = "$(TARGET_NAME)";
				SWIFT_EMIT_LOC_STRINGS = YES;
				SWIFT_VERSION = 5.0;
				TARGETED_DEVICE_FAMILY = "1,2";
			};
			name = Release;
		};
		4FADBFF827F36F6A00503E5A /* Debug */ = {
			isa = XCBuildConfiguration;
			baseConfigurationReference = DB6B96D89CC239FCF5F79CC7 /* Pods-EstateTests.debug.xcconfig */;
			buildSettings = {
				ALWAYS_EMBED_SWIFT_STANDARD_LIBRARIES = YES;
				BUNDLE_LOADER = "$(TEST_HOST)";
				CODE_SIGN_STYLE = Automatic;
				CURRENT_PROJECT_VERSION = 1;
				DEVELOPMENT_TEAM = 9CYSVYA95H;
				GENERATE_INFOPLIST_FILE = YES;
				IPHONEOS_DEPLOYMENT_TARGET = 15.0;
				LD_RUNPATH_SEARCH_PATHS = (
					"$(inherited)",
					"@executable_path/Frameworks",
					"@loader_path/Frameworks",
				);
				MARKETING_VERSION = 1.0;
				PRODUCT_BUNDLE_IDENTIFIER = com.hishd.EstateTests;
				PRODUCT_NAME = "$(TARGET_NAME)";
				SWIFT_EMIT_LOC_STRINGS = NO;
				SWIFT_VERSION = 5.0;
				TARGETED_DEVICE_FAMILY = "1,2";
				TEST_HOST = "$(BUILT_PRODUCTS_DIR)/Estate.app/Estate";
			};
			name = Debug;
		};
		4FADBFF927F36F6A00503E5A /* Release */ = {
			isa = XCBuildConfiguration;
			baseConfigurationReference = B8B7058F66406B659285C1E0 /* Pods-EstateTests.release.xcconfig */;
			buildSettings = {
				ALWAYS_EMBED_SWIFT_STANDARD_LIBRARIES = YES;
				BUNDLE_LOADER = "$(TEST_HOST)";
				CODE_SIGN_STYLE = Automatic;
				CURRENT_PROJECT_VERSION = 1;
				DEVELOPMENT_TEAM = 9CYSVYA95H;
				GENERATE_INFOPLIST_FILE = YES;
				IPHONEOS_DEPLOYMENT_TARGET = 15.0;
				LD_RUNPATH_SEARCH_PATHS = (
					"$(inherited)",
					"@executable_path/Frameworks",
					"@loader_path/Frameworks",
				);
				MARKETING_VERSION = 1.0;
				PRODUCT_BUNDLE_IDENTIFIER = com.hishd.EstateTests;
				PRODUCT_NAME = "$(TARGET_NAME)";
				SWIFT_EMIT_LOC_STRINGS = NO;
				SWIFT_VERSION = 5.0;
				TARGETED_DEVICE_FAMILY = "1,2";
				TEST_HOST = "$(BUILT_PRODUCTS_DIR)/Estate.app/Estate";
			};
			name = Release;
		};
		4FADBFFB27F36F6A00503E5A /* Debug */ = {
			isa = XCBuildConfiguration;
			baseConfigurationReference = F3CD8365D3709A48DCA5BA96 /* Pods-Estate-EstateUITests.debug.xcconfig */;
			buildSettings = {
				ALWAYS_EMBED_SWIFT_STANDARD_LIBRARIES = YES;
				CODE_SIGN_STYLE = Automatic;
				CURRENT_PROJECT_VERSION = 1;
				DEVELOPMENT_TEAM = 9CYSVYA95H;
				GENERATE_INFOPLIST_FILE = YES;
				LD_RUNPATH_SEARCH_PATHS = (
					"$(inherited)",
					"@executable_path/Frameworks",
					"@loader_path/Frameworks",
				);
				MARKETING_VERSION = 1.0;
				PRODUCT_BUNDLE_IDENTIFIER = com.hishd.EstateUITests;
				PRODUCT_NAME = "$(TARGET_NAME)";
				SWIFT_EMIT_LOC_STRINGS = NO;
				SWIFT_VERSION = 5.0;
				TARGETED_DEVICE_FAMILY = "1,2";
				TEST_TARGET_NAME = Estate;
			};
			name = Debug;
		};
		4FADBFFC27F36F6A00503E5A /* Release */ = {
			isa = XCBuildConfiguration;
			baseConfigurationReference = 1CF766718431429D70E72A0C /* Pods-Estate-EstateUITests.release.xcconfig */;
			buildSettings = {
				ALWAYS_EMBED_SWIFT_STANDARD_LIBRARIES = YES;
				CODE_SIGN_STYLE = Automatic;
				CURRENT_PROJECT_VERSION = 1;
				DEVELOPMENT_TEAM = 9CYSVYA95H;
				GENERATE_INFOPLIST_FILE = YES;
				LD_RUNPATH_SEARCH_PATHS = (
					"$(inherited)",
					"@executable_path/Frameworks",
					"@loader_path/Frameworks",
				);
				MARKETING_VERSION = 1.0;
				PRODUCT_BUNDLE_IDENTIFIER = com.hishd.EstateUITests;
				PRODUCT_NAME = "$(TARGET_NAME)";
				SWIFT_EMIT_LOC_STRINGS = NO;
				SWIFT_VERSION = 5.0;
				TARGETED_DEVICE_FAMILY = "1,2";
				TEST_TARGET_NAME = Estate;
			};
			name = Release;
		};
/* End XCBuildConfiguration section */

/* Begin XCConfigurationList section */
		4FADBFCB27F36F6800503E5A /* Build configuration list for PBXProject "Estate" */ = {
			isa = XCConfigurationList;
			buildConfigurations = (
				4FADBFF227F36F6A00503E5A /* Debug */,
				4FADBFF327F36F6A00503E5A /* Release */,
			);
			defaultConfigurationIsVisible = 0;
			defaultConfigurationName = Release;
		};
		4FADBFF427F36F6A00503E5A /* Build configuration list for PBXNativeTarget "Estate" */ = {
			isa = XCConfigurationList;
			buildConfigurations = (
				4FADBFF527F36F6A00503E5A /* Debug */,
				4FADBFF627F36F6A00503E5A /* Release */,
			);
			defaultConfigurationIsVisible = 0;
			defaultConfigurationName = Release;
		};
		4FADBFF727F36F6A00503E5A /* Build configuration list for PBXNativeTarget "EstateTests" */ = {
			isa = XCConfigurationList;
			buildConfigurations = (
				4FADBFF827F36F6A00503E5A /* Debug */,
				4FADBFF927F36F6A00503E5A /* Release */,
			);
			defaultConfigurationIsVisible = 0;
			defaultConfigurationName = Release;
		};
		4FADBFFA27F36F6A00503E5A /* Build configuration list for PBXNativeTarget "EstateUITests" */ = {
			isa = XCConfigurationList;
			buildConfigurations = (
				4FADBFFB27F36F6A00503E5A /* Debug */,
				4FADBFFC27F36F6A00503E5A /* Release */,
			);
			defaultConfigurationIsVisible = 0;
			defaultConfigurationName = Release;
		};
/* End XCConfigurationList section */
	};
	rootObject = 4FADBFC827F36F6800503E5A /* Project object */;
}
